// !$*UTF8*$!
{
	archiveVersion = 1;
	classes = {
	};
	objectVersion = 55;
	objects = {

/* Begin PBXBuildFile section */
		3A3BBC3B27EE9416005BDE43 /* AppDelegate.swift in Sources */ = {isa = PBXBuildFile; fileRef = 3A3BBC3A27EE9416005BDE43 /* AppDelegate.swift */; };
		3A3BBC3D27EE9416005BDE43 /* ContentView.swift in Sources */ = {isa = PBXBuildFile; fileRef = 3A3BBC3C27EE9416005BDE43 /* ContentView.swift */; };
		3A3BBC3F27EE9416005BDE43 /* Experience.rcproject in Sources */ = {isa = PBXBuildFile; fileRef = 3A3BBC3E27EE9416005BDE43 /* Experience.rcproject */; };
		3A3BBC4127EE941A005BDE43 /* Assets.xcassets in Resources */ = {isa = PBXBuildFile; fileRef = 3A3BBC4027EE941A005BDE43 /* Assets.xcassets */; };
		3A3BBC4427EE941A005BDE43 /* Preview Assets.xcassets in Resources */ = {isa = PBXBuildFile; fileRef = 3A3BBC4327EE941A005BDE43 /* Preview Assets.xcassets */; };
		3A3BBC4E27EE941B005BDE43 /* ARFunnyFaceTests.swift in Sources */ = {isa = PBXBuildFile; fileRef = 3A3BBC4D27EE941B005BDE43 /* ARFunnyFaceTests.swift */; };
		3A3BBC5827EE941B005BDE43 /* ARFunnyFaceUITests.swift in Sources */ = {isa = PBXBuildFile; fileRef = 3A3BBC5727EE941B005BDE43 /* ARFunnyFaceUITests.swift */; };
		3A3BBC5A27EE941B005BDE43 /* ARFunnyFaceUITestsLaunchTests.swift in Sources */ = {isa = PBXBuildFile; fileRef = 3A3BBC5927EE941B005BDE43 /* ARFunnyFaceUITestsLaunchTests.swift */; };
/* End PBXBuildFile section */

/* Begin PBXContainerItemProxy section */
		3A3BBC4A27EE941B005BDE43 /* PBXContainerItemProxy */ = {
			isa = PBXContainerItemProxy;
			containerPortal = 3A3BBC2F27EE9416005BDE43 /* Project object */;
			proxyType = 1;
			remoteGlobalIDString = 3A3BBC3627EE9416005BDE43;
			remoteInfo = ARFunnyFace;
		};
		3A3BBC5427EE941B005BDE43 /* PBXContainerItemProxy */ = {
			isa = PBXContainerItemProxy;
			containerPortal = 3A3BBC2F27EE9416005BDE43 /* Project object */;
			proxyType = 1;
			remoteGlobalIDString = 3A3BBC3627EE9416005BDE43;
			remoteInfo = ARFunnyFace;
		};
/* End PBXContainerItemProxy section */

/* Begin PBXFileReference section */
		3A3BBC3727EE9416005BDE43 /* ARFunnyFace.app */ = {isa = PBXFileReference; explicitFileType = wrapper.application; includeInIndex = 0; path = ARFunnyFace.app; sourceTree = BUILT_PRODUCTS_DIR; };
		3A3BBC3A27EE9416005BDE43 /* AppDelegate.swift */ = {isa = PBXFileReference; lastKnownFileType = sourcecode.swift; path = AppDelegate.swift; sourceTree = "<group>"; };
		3A3BBC3C27EE9416005BDE43 /* ContentView.swift */ = {isa = PBXFileReference; lastKnownFileType = sourcecode.swift; path = ContentView.swift; sourceTree = "<group>"; };
		3A3BBC3E27EE9416005BDE43 /* Experience.rcproject */ = {isa = PBXFileReference; lastKnownFileType = file.rcproject; path = Experience.rcproject; sourceTree = "<group>"; };
		3A3BBC4027EE941A005BDE43 /* Assets.xcassets */ = {isa = PBXFileReference; lastKnownFileType = folder.assetcatalog; path = Assets.xcassets; sourceTree = "<group>"; };
		3A3BBC4327EE941A005BDE43 /* Preview Assets.xcassets */ = {isa = PBXFileReference; lastKnownFileType = folder.assetcatalog; path = "Preview Assets.xcassets"; sourceTree = "<group>"; };
		3A3BBC4927EE941B005BDE43 /* ARFunnyFaceTests.xctest */ = {isa = PBXFileReference; explicitFileType = wrapper.cfbundle; includeInIndex = 0; path = ARFunnyFaceTests.xctest; sourceTree = BUILT_PRODUCTS_DIR; };
		3A3BBC4D27EE941B005BDE43 /* ARFunnyFaceTests.swift */ = {isa = PBXFileReference; lastKnownFileType = sourcecode.swift; path = ARFunnyFaceTests.swift; sourceTree = "<group>"; };
		3A3BBC5327EE941B005BDE43 /* ARFunnyFaceUITests.xctest */ = {isa = PBXFileReference; explicitFileType = wrapper.cfbundle; includeInIndex = 0; path = ARFunnyFaceUITests.xctest; sourceTree = BUILT_PRODUCTS_DIR; };
		3A3BBC5727EE941B005BDE43 /* ARFunnyFaceUITests.swift */ = {isa = PBXFileReference; lastKnownFileType = sourcecode.swift; path = ARFunnyFaceUITests.swift; sourceTree = "<group>"; };
		3A3BBC5927EE941B005BDE43 /* ARFunnyFaceUITestsLaunchTests.swift */ = {isa = PBXFileReference; lastKnownFileType = sourcecode.swift; path = ARFunnyFaceUITestsLaunchTests.swift; sourceTree = "<group>"; };
/* End PBXFileReference section */

/* Begin PBXFrameworksBuildPhase section */
		3A3BBC3427EE9416005BDE43 /* Frameworks */ = {
			isa = PBXFrameworksBuildPhase;
			buildActionMask = 2147483647;
			files = (
			);
			runOnlyForDeploymentPostprocessing = 0;
		};
		3A3BBC4627EE941B005BDE43 /* Frameworks */ = {
			isa = PBXFrameworksBuildPhase;
			buildActionMask = 2147483647;
			files = (
			);
			runOnlyForDeploymentPostprocessing = 0;
		};
		3A3BBC5027EE941B005BDE43 /* Frameworks */ = {
			isa = PBXFrameworksBuildPhase;
			buildActionMask = 2147483647;
			files = (
			);
			runOnlyForDeploymentPostprocessing = 0;
		};
/* End PBXFrameworksBuildPhase section */

/* Begin PBXGroup section */
		3A3BBC2E27EE9416005BDE43 = {
			isa = PBXGroup;
			children = (
				3A3BBC3927EE9416005BDE43 /* ARFunnyFace */,
				3A3BBC4C27EE941B005BDE43 /* ARFunnyFaceTests */,
				3A3BBC5627EE941B005BDE43 /* ARFunnyFaceUITests */,
				3A3BBC3827EE9416005BDE43 /* Products */,
			);
			sourceTree = "<group>";
		};
		3A3BBC3827EE9416005BDE43 /* Products */ = {
			isa = PBXGroup;
			children = (
				3A3BBC3727EE9416005BDE43 /* ARFunnyFace.app */,
				3A3BBC4927EE941B005BDE43 /* ARFunnyFaceTests.xctest */,
				3A3BBC5327EE941B005BDE43 /* ARFunnyFaceUITests.xctest */,
			);
			name = Products;
			sourceTree = "<group>";
		};
		3A3BBC3927EE9416005BDE43 /* ARFunnyFace */ = {
			isa = PBXGroup;
			children = (
				3A3BBC3A27EE9416005BDE43 /* AppDelegate.swift */,
				3A3BBC3C27EE9416005BDE43 /* ContentView.swift */,
				3A3BBC3E27EE9416005BDE43 /* Experience.rcproject */,
				3A3BBC4027EE941A005BDE43 /* Assets.xcassets */,
				3A3BBC4227EE941A005BDE43 /* Preview Content */,
			);
			path = ARFunnyFace;
			sourceTree = "<group>";
		};
		3A3BBC4227EE941A005BDE43 /* Preview Content */ = {
			isa = PBXGroup;
			children = (
				3A3BBC4327EE941A005BDE43 /* Preview Assets.xcassets */,
			);
			path = "Preview Content";
			sourceTree = "<group>";
		};
		3A3BBC4C27EE941B005BDE43 /* ARFunnyFaceTests */ = {
			isa = PBXGroup;
			children = (
				3A3BBC4D27EE941B005BDE43 /* ARFunnyFaceTests.swift */,
			);
			path = ARFunnyFaceTests;
			sourceTree = "<group>";
		};
		3A3BBC5627EE941B005BDE43 /* ARFunnyFaceUITests */ = {
			isa = PBXGroup;
			children = (
				3A3BBC5727EE941B005BDE43 /* ARFunnyFaceUITests.swift */,
				3A3BBC5927EE941B005BDE43 /* ARFunnyFaceUITestsLaunchTests.swift */,
			);
			path = ARFunnyFaceUITests;
			sourceTree = "<group>";
		};
/* End PBXGroup section */

/* Begin PBXNativeTarget section */
		3A3BBC3627EE9416005BDE43 /* ARFunnyFace */ = {
			isa = PBXNativeTarget;
			buildConfigurationList = 3A3BBC5D27EE941B005BDE43 /* Build configuration list for PBXNativeTarget "ARFunnyFace" */;
			buildPhases = (
				3A3BBC3327EE9416005BDE43 /* Sources */,
				3A3BBC3427EE9416005BDE43 /* Frameworks */,
				3A3BBC3527EE9416005BDE43 /* Resources */,
			);
			buildRules = (
			);
			dependencies = (
			);
			name = ARFunnyFace;
			productName = ARFunnyFace;
			productReference = 3A3BBC3727EE9416005BDE43 /* ARFunnyFace.app */;
			productType = "com.apple.product-type.application";
		};
		3A3BBC4827EE941B005BDE43 /* ARFunnyFaceTests */ = {
			isa = PBXNativeTarget;
			buildConfigurationList = 3A3BBC6027EE941B005BDE43 /* Build configuration list for PBXNativeTarget "ARFunnyFaceTests" */;
			buildPhases = (
				3A3BBC4527EE941B005BDE43 /* Sources */,
				3A3BBC4627EE941B005BDE43 /* Frameworks */,
				3A3BBC4727EE941B005BDE43 /* Resources */,
			);
			buildRules = (
			);
			dependencies = (
				3A3BBC4B27EE941B005BDE43 /* PBXTargetDependency */,
			);
			name = ARFunnyFaceTests;
			productName = ARFunnyFaceTests;
			productReference = 3A3BBC4927EE941B005BDE43 /* ARFunnyFaceTests.xctest */;
			productType = "com.apple.product-type.bundle.unit-test";
		};
		3A3BBC5227EE941B005BDE43 /* ARFunnyFaceUITests */ = {
			isa = PBXNativeTarget;
			buildConfigurationList = 3A3BBC6327EE941B005BDE43 /* Build configuration list for PBXNativeTarget "ARFunnyFaceUITests" */;
			buildPhases = (
				3A3BBC4F27EE941B005BDE43 /* Sources */,
				3A3BBC5027EE941B005BDE43 /* Frameworks */,
				3A3BBC5127EE941B005BDE43 /* Resources */,
			);
			buildRules = (
			);
			dependencies = (
				3A3BBC5527EE941B005BDE43 /* PBXTargetDependency */,
			);
			name = ARFunnyFaceUITests;
			productName = ARFunnyFaceUITests;
			productReference = 3A3BBC5327EE941B005BDE43 /* ARFunnyFaceUITests.xctest */;
			productType = "com.apple.product-type.bundle.ui-testing";
		};
/* End PBXNativeTarget section */

/* Begin PBXProject section */
		3A3BBC2F27EE9416005BDE43 /* Project object */ = {
			isa = PBXProject;
			attributes = {
				BuildIndependentTargetsInParallel = 1;
				LastSwiftUpdateCheck = 1330;
				LastUpgradeCheck = 1330;
				TargetAttributes = {
					3A3BBC3627EE9416005BDE43 = {
						CreatedOnToolsVersion = 13.3;
					};
					3A3BBC4827EE941B005BDE43 = {
						CreatedOnToolsVersion = 13.3;
						TestTargetID = 3A3BBC3627EE9416005BDE43;
					};
					3A3BBC5227EE941B005BDE43 = {
						CreatedOnToolsVersion = 13.3;
						TestTargetID = 3A3BBC3627EE9416005BDE43;
					};
				};
			};
			buildConfigurationList = 3A3BBC3227EE9416005BDE43 /* Build configuration list for PBXProject "ARFunnyFace" */;
			compatibilityVersion = "Xcode 13.0";
			developmentRegion = en;
			hasScannedForEncodings = 0;
			knownRegions = (
				en,
				Base,
			);
			mainGroup = 3A3BBC2E27EE9416005BDE43;
			productRefGroup = 3A3BBC3827EE9416005BDE43 /* Products */;
			projectDirPath = "";
			projectRoot = "";
			targets = (
				3A3BBC3627EE9416005BDE43 /* ARFunnyFace */,
				3A3BBC4827EE941B005BDE43 /* ARFunnyFaceTests */,
				3A3BBC5227EE941B005BDE43 /* ARFunnyFaceUITests */,
			);
		};
/* End PBXProject section */

/* Begin PBXResourcesBuildPhase section */
		3A3BBC3527EE9416005BDE43 /* Resources */ = {
			isa = PBXResourcesBuildPhase;
			buildActionMask = 2147483647;
			files = (
				3A3BBC4427EE941A005BDE43 /* Preview Assets.xcassets in Resources */,
				3A3BBC4127EE941A005BDE43 /* Assets.xcassets in Resources */,
			);
			runOnlyForDeploymentPostprocessing = 0;
		};
		3A3BBC4727EE941B005BDE43 /* Resources */ = {
			isa = PBXResourcesBuildPhase;
			buildActionMask = 2147483647;
			files = (
			);
			runOnlyForDeploymentPostprocessing = 0;
		};
		3A3BBC5127EE941B005BDE43 /* Resources */ = {
			isa = PBXResourcesBuildPhase;
			buildActionMask = 2147483647;
			files = (
			);
			runOnlyForDeploymentPostprocessing = 0;
		};
/* End PBXResourcesBuildPhase section */

/* Begin PBXSourcesBuildPhase section */
		3A3BBC3327EE9416005BDE43 /* Sources */ = {
			isa = PBXSourcesBuildPhase;
			buildActionMask = 2147483647;
			files = (
				3A3BBC3D27EE9416005BDE43 /* ContentView.swift in Sources */,
				3A3BBC3B27EE9416005BDE43 /* AppDelegate.swift in Sources */,
				3A3BBC3F27EE9416005BDE43 /* Experience.rcproject in Sources */,
			);
			runOnlyForDeploymentPostprocessing = 0;
		};
		3A3BBC4527EE941B005BDE43 /* Sources */ = {
			isa = PBXSourcesBuildPhase;
			buildActionMask = 2147483647;
			files = (
				3A3BBC4E27EE941B005BDE43 /* ARFunnyFaceTests.swift in Sources */,
			);
			runOnlyForDeploymentPostprocessing = 0;
		};
		3A3BBC4F27EE941B005BDE43 /* Sources */ = {
			isa = PBXSourcesBuildPhase;
			buildActionMask = 2147483647;
			files = (
				3A3BBC5827EE941B005BDE43 /* ARFunnyFaceUITests.swift in Sources */,
				3A3BBC5A27EE941B005BDE43 /* ARFunnyFaceUITestsLaunchTests.swift in Sources */,
			);
			runOnlyForDeploymentPostprocessing = 0;
		};
/* End PBXSourcesBuildPhase section */

/* Begin PBXTargetDependency section */
		3A3BBC4B27EE941B005BDE43 /* PBXTargetDependency */ = {
			isa = PBXTargetDependency;
			target = 3A3BBC3627EE9416005BDE43 /* ARFunnyFace */;
			targetProxy = 3A3BBC4A27EE941B005BDE43 /* PBXContainerItemProxy */;
		};
		3A3BBC5527EE941B005BDE43 /* PBXTargetDependency */ = {
			isa = PBXTargetDependency;
			target = 3A3BBC3627EE9416005BDE43 /* ARFunnyFace */;
			targetProxy = 3A3BBC5427EE941B005BDE43 /* PBXContainerItemProxy */;
		};
/* End PBXTargetDependency section */

/* Begin XCBuildConfiguration section */
		3A3BBC5B27EE941B005BDE43 /* Debug */ = {
			isa = XCBuildConfiguration;
			buildSettings = {
				ALWAYS_SEARCH_USER_PATHS = NO;
				CLANG_ANALYZER_NONNULL = YES;
				CLANG_ANALYZER_NUMBER_OBJECT_CONVERSION = YES_AGGRESSIVE;
				CLANG_CXX_LANGUAGE_STANDARD = "gnu++17";
				CLANG_ENABLE_MODULES = YES;
				CLANG_ENABLE_OBJC_ARC = YES;
				CLANG_ENABLE_OBJC_WEAK = YES;
				CLANG_WARN_BLOCK_CAPTURE_AUTORELEASING = YES;
				CLANG_WARN_BOOL_CONVERSION = YES;
				CLANG_WARN_COMMA = YES;
				CLANG_WARN_CONSTANT_CONVERSION = YES;
				CLANG_WARN_DEPRECATED_OBJC_IMPLEMENTATIONS = YES;
				CLANG_WARN_DIRECT_OBJC_ISA_USAGE = YES_ERROR;
				CLANG_WARN_DOCUMENTATION_COMMENTS = YES;
				CLANG_WARN_EMPTY_BODY = YES;
				CLANG_WARN_ENUM_CONVERSION = YES;
				CLANG_WARN_INFINITE_RECURSION = YES;
				CLANG_WARN_INT_CONVERSION = YES;
				CLANG_WARN_NON_LITERAL_NULL_CONVERSION = YES;
				CLANG_WARN_OBJC_IMPLICIT_RETAIN_SELF = YES;
				CLANG_WARN_OBJC_LITERAL_CONVERSION = YES;
				CLANG_WARN_OBJC_ROOT_CLASS = YES_ERROR;
				CLANG_WARN_QUOTED_INCLUDE_IN_FRAMEWORK_HEADER = YES;
				CLANG_WARN_RANGE_LOOP_ANALYSIS = YES;
				CLANG_WARN_STRICT_PROTOTYPES = YES;
				CLANG_WARN_SUSPICIOUS_MOVE = YES;
				CLANG_WARN_UNGUARDED_AVAILABILITY = YES_AGGRESSIVE;
				CLANG_WARN_UNREACHABLE_CODE = YES;
				CLANG_WARN__DUPLICATE_METHOD_MATCH = YES;
				COPY_PHASE_STRIP = NO;
				DEBUG_INFORMATION_FORMAT = dwarf;
				ENABLE_STRICT_OBJC_MSGSEND = YES;
				ENABLE_TESTABILITY = YES;
				GCC_C_LANGUAGE_STANDARD = gnu11;
				GCC_DYNAMIC_NO_PIC = NO;
				GCC_NO_COMMON_BLOCKS = YES;
				GCC_OPTIMIZATION_LEVEL = 0;
				GCC_PREPROCESSOR_DEFINITIONS = (
					"DEBUG=1",
					"$(inherited)",
				);
				GCC_WARN_64_TO_32_BIT_CONVERSION = YES;
				GCC_WARN_ABOUT_RETURN_TYPE = YES_ERROR;
				GCC_WARN_UNDECLARED_SELECTOR = YES;
				GCC_WARN_UNINITIALIZED_AUTOS = YES_AGGRESSIVE;
				GCC_WARN_UNUSED_FUNCTION = YES;
				GCC_WARN_UNUSED_VARIABLE = YES;
				IPHONEOS_DEPLOYMENT_TARGET = 15.4;
				MTL_ENABLE_DEBUG_INFO = INCLUDE_SOURCE;
				MTL_FAST_MATH = YES;
				ONLY_ACTIVE_ARCH = YES;
				SDKROOT = iphoneos;
				SWIFT_ACTIVE_COMPILATION_CONDITIONS = DEBUG;
				SWIFT_OPTIMIZATION_LEVEL = "-Onone";
			};
			name = Debug;
		};
		3A3BBC5C27EE941B005BDE43 /* Release */ = {
			isa = XCBuildConfiguration;
			buildSettings = {
				ALWAYS_SEARCH_USER_PATHS = NO;
				CLANG_ANALYZER_NONNULL = YES;
				CLANG_ANALYZER_NUMBER_OBJECT_CONVERSION = YES_AGGRESSIVE;
				CLANG_CXX_LANGUAGE_STANDARD = "gnu++17";
				CLANG_ENABLE_MODULES = YES;
				CLANG_ENABLE_OBJC_ARC = YES;
				CLANG_ENABLE_OBJC_WEAK = YES;
				CLANG_WARN_BLOCK_CAPTURE_AUTORELEASING = YES;
				CLANG_WARN_BOOL_CONVERSION = YES;
				CLANG_WARN_COMMA = YES;
				CLANG_WARN_CONSTANT_CONVERSION = YES;
				CLANG_WARN_DEPRECATED_OBJC_IMPLEMENTATIONS = YES;
				CLANG_WARN_DIRECT_OBJC_ISA_USAGE = YES_ERROR;
				CLANG_WARN_DOCUMENTATION_COMMENTS = YES;
				CLANG_WARN_EMPTY_BODY = YES;
				CLANG_WARN_ENUM_CONVERSION = YES;
				CLANG_WARN_INFINITE_RECURSION = YES;
				CLANG_WARN_INT_CONVERSION = YES;
				CLANG_WARN_NON_LITERAL_NULL_CONVERSION = YES;
				CLANG_WARN_OBJC_IMPLICIT_RETAIN_SELF = YES;
				CLANG_WARN_OBJC_LITERAL_CONVERSION = YES;
				CLANG_WARN_OBJC_ROOT_CLASS = YES_ERROR;
				CLANG_WARN_QUOTED_INCLUDE_IN_FRAMEWORK_HEADER = YES;
				CLANG_WARN_RANGE_LOOP_ANALYSIS = YES;
				CLANG_WARN_STRICT_PROTOTYPES = YES;
				CLANG_WARN_SUSPICIOUS_MOVE = YES;
				CLANG_WARN_UNGUARDED_AVAILABILITY = YES_AGGRESSIVE;
				CLANG_WARN_UNREACHABLE_CODE = YES;
				CLANG_WARN__DUPLICATE_METHOD_MATCH = YES;
				COPY_PHASE_STRIP = NO;
				DEBUG_INFORMATION_FORMAT = "dwarf-with-dsym";
				ENABLE_NS_ASSERTIONS = NO;
				ENABLE_STRICT_OBJC_MSGSEND = YES;
				GCC_C_LANGUAGE_STANDARD = gnu11;
				GCC_NO_COMMON_BLOCKS = YES;
				GCC_WARN_64_TO_32_BIT_CONVERSION = YES;
				GCC_WARN_ABOUT_RETURN_TYPE = YES_ERROR;
				GCC_WARN_UNDECLARED_SELECTOR = YES;
				GCC_WARN_UNINITIALIZED_AUTOS = YES_AGGRESSIVE;
				GCC_WARN_UNUSED_FUNCTION = YES;
				GCC_WARN_UNUSED_VARIABLE = YES;
				IPHONEOS_DEPLOYMENT_TARGET = 15.4;
				MTL_ENABLE_DEBUG_INFO = NO;
				MTL_FAST_MATH = YES;
				SDKROOT = iphoneos;
				SWIFT_COMPILATION_MODE = wholemodule;
				SWIFT_OPTIMIZATION_LEVEL = "-O";
				VALIDATE_PRODUCT = YES;
			};
			name = Release;
		};
		3A3BBC5E27EE941B005BDE43 /* Debug */ = {
			isa = XCBuildConfiguration;
			buildSettings = {
				ASSETCATALOG_COMPILER_APPICON_NAME = AppIcon;
				ASSETCATALOG_COMPILER_GLOBAL_ACCENT_COLOR_NAME = AccentColor;
				CODE_SIGN_STYLE = Automatic;
				CURRENT_PROJECT_VERSION = 1;
				DEVELOPMENT_ASSET_PATHS = "\"ARFunnyFace/Preview Content\"";
				DEVELOPMENT_TEAM = F89DAX39VP;
				ENABLE_PREVIEWS = YES;
				GENERATE_INFOPLIST_FILE = YES;
				INFOPLIST_KEY_NSCameraUsageDescription = "";
				INFOPLIST_KEY_UIApplicationSupportsIndirectInputEvents = YES;
				INFOPLIST_KEY_UILaunchScreen_Generation = YES;
				INFOPLIST_KEY_UIRequiredDeviceCapabilities = arkit;
				INFOPLIST_KEY_UIStatusBarHidden = YES;
				INFOPLIST_KEY_UISupportedInterfaceOrientations_iPad = "UIInterfaceOrientationPortrait UIInterfaceOrientationPortraitUpsideDown UIInterfaceOrientationLandscapeLeft UIInterfaceOrientationLandscapeRight";
				INFOPLIST_KEY_UISupportedInterfaceOrientations_iPhone = "UIInterfaceOrientationPortrait UIInterfaceOrientationLandscapeLeft UIInterfaceOrientationLandscapeRight";
				LD_RUNPATH_SEARCH_PATHS = (
					"$(inherited)",
					"@executable_path/Frameworks",
				);
				MARKETING_VERSION = 1.0;
				PRODUCT_BUNDLE_IDENTIFIER = tokunna.ARFunnyFace;
				PRODUCT_NAME = "$(TARGET_NAME)";
				SWIFT_EMIT_LOC_STRINGS = YES;
				SWIFT_VERSION = 5.0;
				TARGETED_DEVICE_FAMILY = "1,2";
			};
			name = Debug;
		};
		3A3BBC5F27EE941B005BDE43 /* Release */ = {
			isa = XCBuildConfiguration;
			buildSettings = {
				ASSETCATALOG_COMPILER_APPICON_NAME = AppIcon;
				ASSETCATALOG_COMPILER_GLOBAL_ACCENT_COLOR_NAME = AccentColor;
				CODE_SIGN_STYLE = Automatic;
				CURRENT_PROJECT_VERSION = 1;
				DEVELOPMENT_ASSET_PATHS = "\"ARFunnyFace/Preview Content\"";
				DEVELOPMENT_TEAM = F89DAX39VP;
				ENABLE_PREVIEWS = YES;
				GENERATE_INFOPLIST_FILE = YES;
				INFOPLIST_KEY_NSCameraUsageDescription = "";
				INFOPLIST_KEY_UIApplicationSupportsIndirectInputEvents = YES;
				INFOPLIST_KEY_UILaunchScreen_Generation = YES;
				INFOPLIST_KEY_UIRequiredDeviceCapabilities = arkit;
				INFOPLIST_KEY_UIStatusBarHidden = YES;
				INFOPLIST_KEY_UISupportedInterfaceOrientations_iPad = "UIInterfaceOrientationPortrait UIInterfaceOrientationPortraitUpsideDown UIInterfaceOrientationLandscapeLeft UIInterfaceOrientationLandscapeRight";
				INFOPLIST_KEY_UISupportedInterfaceOrientations_iPhone = "UIInterfaceOrientationPortrait UIInterfaceOrientationLandscapeLeft UIInterfaceOrientationLandscapeRight";
				LD_RUNPATH_SEARCH_PATHS = (
					"$(inherited)",
					"@executable_path/Frameworks",
				);
				MARKETING_VERSION = 1.0;
				PRODUCT_BUNDLE_IDENTIFIER = tokunna.ARFunnyFace;
				PRODUCT_NAME = "$(TARGET_NAME)";
				SWIFT_EMIT_LOC_STRINGS = YES;
				SWIFT_VERSION = 5.0;
				TARGETED_DEVICE_FAMILY = "1,2";
			};
			name = Release;
		};
		3A3BBC6127EE941B005BDE43 /* Debug */ = {
			isa = XCBuildConfiguration;
			buildSettings = {
				ALWAYS_EMBED_SWIFT_STANDARD_LIBRARIES = YES;
				BUNDLE_LOADER = "$(TEST_HOST)";
				CODE_SIGN_STYLE = Automatic;
				CURRENT_PROJECT_VERSION = 1;
				DEVELOPMENT_TEAM = F89DAX39VP;
				GENERATE_INFOPLIST_FILE = YES;
				IPHONEOS_DEPLOYMENT_TARGET = 15.4;
				MARKETING_VERSION = 1.0;
				PRODUCT_BUNDLE_IDENTIFIER = tokunna.ARFunnyFaceTests;
				PRODUCT_NAME = "$(TARGET_NAME)";
				SWIFT_EMIT_LOC_STRINGS = NO;
				SWIFT_VERSION = 5.0;
				TARGETED_DEVICE_FAMILY = "1,2";
				TEST_HOST = "$(BUILT_PRODUCTS_DIR)/ARFunnyFace.app/ARFunnyFace";
			};
			name = Debug;
		};
		3A3BBC6227EE941B005BDE43 /* Release */ = {
			isa = XCBuildConfiguration;
			buildSettings = {
				ALWAYS_EMBED_SWIFT_STANDARD_LIBRARIES = YES;
				BUNDLE_LOADER = "$(TEST_HOST)";
				CODE_SIGN_STYLE = Automatic;
				CURRENT_PROJECT_VERSION = 1;
				DEVELOPMENT_TEAM = F89DAX39VP;
				GENERATE_INFOPLIST_FILE = YES;
				IPHONEOS_DEPLOYMENT_TARGET = 15.4;
				MARKETING_VERSION = 1.0;
				PRODUCT_BUNDLE_IDENTIFIER = tokunna.ARFunnyFaceTests;
				PRODUCT_NAME = "$(TARGET_NAME)";
				SWIFT_EMIT_LOC_STRINGS = NO;
				SWIFT_VERSION = 5.0;
				TARGETED_DEVICE_FAMILY = "1,2";
				TEST_HOST = "$(BUILT_PRODUCTS_DIR)/ARFunnyFace.app/ARFunnyFace";
			};
			name = Release;
		};
		3A3BBC6427EE941B005BDE43 /* Debug */ = {
			isa = XCBuildConfiguration;
			buildSettings = {
				ALWAYS_EMBED_SWIFT_STANDARD_LIBRARIES = YES;
				CODE_SIGN_STYLE = Automatic;
				CURRENT_PROJECT_VERSION = 1;
				DEVELOPMENT_TEAM = F89DAX39VP;
				GENERATE_INFOPLIST_FILE = YES;
				MARKETING_VERSION = 1.0;
				PRODUCT_BUNDLE_IDENTIFIER = tokunna.ARFunnyFaceUITests;
				PRODUCT_NAME = "$(TARGET_NAME)";
				SWIFT_EMIT_LOC_STRINGS = NO;
				SWIFT_VERSION = 5.0;
				TARGETED_DEVICE_FAMILY = "1,2";
				TEST_TARGET_NAME = ARFunnyFace;
			};
			name = Debug;
		};
		3A3BBC6527EE941B005BDE43 /* Release */ = {
			isa = XCBuildConfiguration;
			buildSettings = {
				ALWAYS_EMBED_SWIFT_STANDARD_LIBRARIES = YES;
				CODE_SIGN_STYLE = Automatic;
				CURRENT_PROJECT_VERSION = 1;
				DEVELOPMENT_TEAM = F89DAX39VP;
				GENERATE_INFOPLIST_FILE = YES;
				MARKETING_VERSION = 1.0;
				PRODUCT_BUNDLE_IDENTIFIER = tokunna.ARFunnyFaceUITests;
				PRODUCT_NAME = "$(TARGET_NAME)";
				SWIFT_EMIT_LOC_STRINGS = NO;
				SWIFT_VERSION = 5.0;
				TARGETED_DEVICE_FAMILY = "1,2";
				TEST_TARGET_NAME = ARFunnyFace;
			};
			name = Release;
		};
/* End XCBuildConfiguration section */

/* Begin XCConfigurationList section */
		3A3BBC3227EE9416005BDE43 /* Build configuration list for PBXProject "ARFunnyFace" */ = {
			isa = XCConfigurationList;
			buildConfigurations = (
				3A3BBC5B27EE941B005BDE43 /* Debug */,
				3A3BBC5C27EE941B005BDE43 /* Release */,
			);
			defaultConfigurationIsVisible = 0;
			defaultConfigurationName = Release;
		};
		3A3BBC5D27EE941B005BDE43 /* Build configuration list for PBXNativeTarget "ARFunnyFace" */ = {
			isa = XCConfigurationList;
			buildConfigurations = (
				3A3BBC5E27EE941B005BDE43 /* Debug */,
				3A3BBC5F27EE941B005BDE43 /* Release */,
			);
			defaultConfigurationIsVisible = 0;
			defaultConfigurationName = Release;
		};
		3A3BBC6027EE941B005BDE43 /* Build configuration list for PBXNativeTarget "ARFunnyFaceTests" */ = {
			isa = XCConfigurationList;
			buildConfigurations = (
				3A3BBC6127EE941B005BDE43 /* Debug */,
				3A3BBC6227EE941B005BDE43 /* Release */,
			);
			defaultConfigurationIsVisible = 0;
			defaultConfigurationName = Release;
		};
		3A3BBC6327EE941B005BDE43 /* Build configuration list for PBXNativeTarget "ARFunnyFaceUITests" */ = {
			isa = XCConfigurationList;
			buildConfigurations = (
				3A3BBC6427EE941B005BDE43 /* Debug */,
				3A3BBC6527EE941B005BDE43 /* Release */,
			);
			defaultConfigurationIsVisible = 0;
			defaultConfigurationName = Release;
		};
/* End XCConfigurationList section */
	};
	rootObject = 3A3BBC2F27EE9416005BDE43 /* Project object */;
}
